Microsoft Visual Studio Solution File, Format Version 12.00
# Visual Studio 2012
Project("{FAE04EC0-301F-11D3-BF4B-00C04F79EFBC}") = "以撒的结合", "以撒的结合.csproj", "{ABA1A7DE-6EA9-4B49-9654-8D3B6F29776E}"
EndProject
Global
	GlobalSection(SolutionConfigurationPlatforms) = preSolution
	Debug|Any CPU = Debug|Any CPU
	ExportDebug|Any CPU = ExportDebug|Any CPU
	ExportRelease|Any CPU = ExportRelease|Any CPU
	EndGlobalSection
	GlobalSection(ProjectConfigurationPlatforms) = postSolution
		{ABA1A7DE-6EA9-4B49-9654-8D3B6F29776E}.Debug|Any CPU.ActiveCfg = Debug|Any CPU
		{ABA1A7DE-6EA9-4B49-9654-8D3B6F29776E}.Debug|Any CPU.Build.0 = Debug|Any CPU
		{ABA1A7DE-6EA9-4B49-9654-8D3B6F29776E}.ExportDebug|Any CPU.ActiveCfg = ExportDebug|Any CPU
		{ABA1A7DE-6EA9-4B49-9654-8D3B6F29776E}.ExportDebug|Any CPU.Build.0 = ExportDebug|Any CPU
		{ABA1A7DE-6EA9-4B49-9654-8D3B6F29776E}.ExportRelease|Any CPU.ActiveCfg = ExportRelease|Any CPU
		{ABA1A7DE-6EA9-4B49-9654-8D3B6F29776E}.ExportRelease|Any CPU.Build.0 = ExportRelease|Any CPU
	EndGlobalSection
EndGlobal
